// !$*UTF8*$!
{
	archiveVersion = 1;
	classes = {
	};
	objectVersion = 48;
	objects = {

/* Begin PBXBuildFile section */
		A026D48D213DBDB200956E26 /* AppDelegate.swift in Sources */ = {isa = PBXBuildFile; fileRef = A026D48C213DBDB200956E26 /* AppDelegate.swift */; };
		A026D48F213DBDB200956E26 /* homeViewController.swift in Sources */ = {isa = PBXBuildFile; fileRef = A026D48E213DBDB200956E26 /* homeViewController.swift */; };
		A026D494213DBDB200956E26 /* Assets.xcassets in Resources */ = {isa = PBXBuildFile; fileRef = A026D493213DBDB200956E26 /* Assets.xcassets */; };
		A026D497213DBDB200956E26 /* LaunchScreen.storyboard in Resources */ = {isa = PBXBuildFile; fileRef = A026D495213DBDB200956E26 /* LaunchScreen.storyboard */; };
		A026D4AD213DBDB200956E26 /* voiceChatAppUITests.swift in Sources */ = {isa = PBXBuildFile; fileRef = A026D4AC213DBDB200956E26 /* voiceChatAppUITests.swift */; };
		A026D4BD213DC32900956E26 /* homeView.swift in Sources */ = {isa = PBXBuildFile; fileRef = A026D4BC213DC32900956E26 /* homeView.swift */; };
		A026D4C0213DCCD200956E26 /* homeViewTests.swift in Sources */ = {isa = PBXBuildFile; fileRef = A026D4BF213DCCD200956E26 /* homeViewTests.swift */; };
		A070E78C2141382A00ED9C69 /* loginViewController.swift in Sources */ = {isa = PBXBuildFile; fileRef = A070E78B2141382A00ED9C69 /* loginViewController.swift */; };
		A070E78E2141399F00ED9C69 /* loginView.swift in Sources */ = {isa = PBXBuildFile; fileRef = A070E78D2141399F00ED9C69 /* loginView.swift */; };
		A070E791214139CA00ED9C69 /* loginViewTests.swift in Sources */ = {isa = PBXBuildFile; fileRef = A070E790214139CA00ED9C69 /* loginViewTests.swift */; };
		A070E79321413A5700ED9C69 /* style.swift in Sources */ = {isa = PBXBuildFile; fileRef = A070E79221413A5700ED9C69 /* style.swift */; };
		A070E7962141795600ED9C69 /* loginViewControllerTests.swift in Sources */ = {isa = PBXBuildFile; fileRef = A070E7952141795600ED9C69 /* loginViewControllerTests.swift */; };
		A070E79821418E0000ED9C69 /* signupView.swift in Sources */ = {isa = PBXBuildFile; fileRef = A070E79721418E0000ED9C69 /* signupView.swift */; };
		A070E79A214197A700ED9C69 /* signupViewTests.swift in Sources */ = {isa = PBXBuildFile; fileRef = A070E799214197A700ED9C69 /* signupViewTests.swift */; };
		A070E79E2141CA7500ED9C69 /* UITextField.swift in Sources */ = {isa = PBXBuildFile; fileRef = A070E79D2141CA7500ED9C69 /* UITextField.swift */; };
		A070E7A021454D5600ED9C69 /* loginRouter.swift in Sources */ = {isa = PBXBuildFile; fileRef = A070E79F21454D5600ED9C69 /* loginRouter.swift */; };
		A070E7A32145522300ED9C69 /* loginRouterTests.swift in Sources */ = {isa = PBXBuildFile; fileRef = A070E7A22145522300ED9C69 /* loginRouterTests.swift */; };
		A070E7A52145848D00ED9C69 /* UIButton.swift in Sources */ = {isa = PBXBuildFile; fileRef = A070E7A42145848D00ED9C69 /* UIButton.swift */; };
		A070E7A8214593D500ED9C69 /* UIButtonTests.swift in Sources */ = {isa = PBXBuildFile; fileRef = A070E7A7214593D500ED9C69 /* UIButtonTests.swift */; };
		A070E7AA21467B9600ED9C69 /* homeViewControllerTests.swift in Sources */ = {isa = PBXBuildFile; fileRef = A070E7A921467B9600ED9C69 /* homeViewControllerTests.swift */; };
/* End PBXBuildFile section */

/* Begin PBXContainerItemProxy section */
		A026D49E213DBDB200956E26 /* PBXContainerItemProxy */ = {
			isa = PBXContainerItemProxy;
			containerPortal = A026D481213DBDB200956E26 /* Project object */;
			proxyType = 1;
			remoteGlobalIDString = A026D488213DBDB200956E26;
			remoteInfo = voiceChatApp;
		};
		A026D4A9213DBDB200956E26 /* PBXContainerItemProxy */ = {
			isa = PBXContainerItemProxy;
			containerPortal = A026D481213DBDB200956E26 /* Project object */;
			proxyType = 1;
			remoteGlobalIDString = A026D488213DBDB200956E26;
			remoteInfo = voiceChatApp;
		};
/* End PBXContainerItemProxy section */

/* Begin PBXFileReference section */
		A026D489213DBDB200956E26 /* voiceChatApp.app */ = {isa = PBXFileReference; explicitFileType = wrapper.application; includeInIndex = 0; path = voiceChatApp.app; sourceTree = BUILT_PRODUCTS_DIR; };
		A026D48C213DBDB200956E26 /* AppDelegate.swift */ = {isa = PBXFileReference; lastKnownFileType = sourcecode.swift; path = AppDelegate.swift; sourceTree = "<group>"; };
		A026D48E213DBDB200956E26 /* homeViewController.swift */ = {isa = PBXFileReference; lastKnownFileType = sourcecode.swift; path = homeViewController.swift; sourceTree = "<group>"; };
		A026D493213DBDB200956E26 /* Assets.xcassets */ = {isa = PBXFileReference; lastKnownFileType = folder.assetcatalog; path = Assets.xcassets; sourceTree = "<group>"; };
		A026D496213DBDB200956E26 /* Base */ = {isa = PBXFileReference; lastKnownFileType = file.storyboard; name = Base; path = Base.lproj/LaunchScreen.storyboard; sourceTree = "<group>"; };
		A026D498213DBDB200956E26 /* Info.plist */ = {isa = PBXFileReference; lastKnownFileType = text.plist.xml; path = Info.plist; sourceTree = "<group>"; };
		A026D49D213DBDB200956E26 /* voiceChatAppTests.xctest */ = {isa = PBXFileReference; explicitFileType = wrapper.cfbundle; includeInIndex = 0; path = voiceChatAppTests.xctest; sourceTree = BUILT_PRODUCTS_DIR; };
		A026D4A3213DBDB200956E26 /* Info.plist */ = {isa = PBXFileReference; lastKnownFileType = text.plist.xml; path = Info.plist; sourceTree = "<group>"; };
		A026D4A8213DBDB200956E26 /* voiceChatAppUITests.xctest */ = {isa = PBXFileReference; explicitFileType = wrapper.cfbundle; includeInIndex = 0; path = voiceChatAppUITests.xctest; sourceTree = BUILT_PRODUCTS_DIR; };
		A026D4AC213DBDB200956E26 /* voiceChatAppUITests.swift */ = {isa = PBXFileReference; lastKnownFileType = sourcecode.swift; path = voiceChatAppUITests.swift; sourceTree = "<group>"; };
		A026D4AE213DBDB200956E26 /* Info.plist */ = {isa = PBXFileReference; lastKnownFileType = text.plist.xml; path = Info.plist; sourceTree = "<group>"; };
		A026D4BC213DC32900956E26 /* homeView.swift */ = {isa = PBXFileReference; lastKnownFileType = sourcecode.swift; path = homeView.swift; sourceTree = "<group>"; };
		A026D4BF213DCCD200956E26 /* homeViewTests.swift */ = {isa = PBXFileReference; lastKnownFileType = sourcecode.swift; path = homeViewTests.swift; sourceTree = "<group>"; };
		A070E78B2141382A00ED9C69 /* loginViewController.swift */ = {isa = PBXFileReference; lastKnownFileType = sourcecode.swift; path = loginViewController.swift; sourceTree = "<group>"; };
		A070E78D2141399F00ED9C69 /* loginView.swift */ = {isa = PBXFileReference; lastKnownFileType = sourcecode.swift; path = loginView.swift; sourceTree = "<group>"; };
		A070E790214139CA00ED9C69 /* loginViewTests.swift */ = {isa = PBXFileReference; lastKnownFileType = sourcecode.swift; path = loginViewTests.swift; sourceTree = "<group>"; };
		A070E79221413A5700ED9C69 /* style.swift */ = {isa = PBXFileReference; lastKnownFileType = sourcecode.swift; path = style.swift; sourceTree = "<group>"; };
		A070E7952141795600ED9C69 /* loginViewControllerTests.swift */ = {isa = PBXFileReference; lastKnownFileType = sourcecode.swift; path = loginViewControllerTests.swift; sourceTree = "<group>"; };
		A070E79721418E0000ED9C69 /* signupView.swift */ = {isa = PBXFileReference; lastKnownFileType = sourcecode.swift; path = signupView.swift; sourceTree = "<group>"; };
		A070E799214197A700ED9C69 /* signupViewTests.swift */ = {isa = PBXFileReference; lastKnownFileType = sourcecode.swift; path = signupViewTests.swift; sourceTree = "<group>"; };
		A070E79D2141CA7500ED9C69 /* UITextField.swift */ = {isa = PBXFileReference; lastKnownFileType = sourcecode.swift; path = UITextField.swift; sourceTree = "<group>"; };
		A070E79F21454D5600ED9C69 /* loginRouter.swift */ = {isa = PBXFileReference; lastKnownFileType = sourcecode.swift; path = loginRouter.swift; sourceTree = "<group>"; };
		A070E7A22145522300ED9C69 /* loginRouterTests.swift */ = {isa = PBXFileReference; lastKnownFileType = sourcecode.swift; path = loginRouterTests.swift; sourceTree = "<group>"; };
		A070E7A42145848D00ED9C69 /* UIButton.swift */ = {isa = PBXFileReference; lastKnownFileType = sourcecode.swift; path = UIButton.swift; sourceTree = "<group>"; };
		A070E7A7214593D500ED9C69 /* UIButtonTests.swift */ = {isa = PBXFileReference; lastKnownFileType = sourcecode.swift; path = UIButtonTests.swift; sourceTree = "<group>"; };
		A070E7A921467B9600ED9C69 /* homeViewControllerTests.swift */ = {isa = PBXFileReference; lastKnownFileType = sourcecode.swift; path = homeViewControllerTests.swift; sourceTree = "<group>"; };
/* End PBXFileReference section */

/* Begin PBXFrameworksBuildPhase section */
		A026D486213DBDB200956E26 /* Frameworks */ = {
			isa = PBXFrameworksBuildPhase;
			buildActionMask = 2147483647;
			files = (
			);
			runOnlyForDeploymentPostprocessing = 0;
		};
		A026D49A213DBDB200956E26 /* Frameworks */ = {
			isa = PBXFrameworksBuildPhase;
			buildActionMask = 2147483647;
			files = (
			);
			runOnlyForDeploymentPostprocessing = 0;
		};
		A026D4A5213DBDB200956E26 /* Frameworks */ = {
			isa = PBXFrameworksBuildPhase;
			buildActionMask = 2147483647;
			files = (
			);
			runOnlyForDeploymentPostprocessing = 0;
		};
/* End PBXFrameworksBuildPhase section */

/* Begin PBXGroup section */
		A026D480213DBDB200956E26 = {
			isa = PBXGroup;
			children = (
				A026D48B213DBDB200956E26 /* voiceChatApp */,
				A026D4A0213DBDB200956E26 /* voiceChatAppTests */,
				A026D4AB213DBDB200956E26 /* voiceChatAppUITests */,
				A026D48A213DBDB200956E26 /* Products */,
			);
			sourceTree = "<group>";
		};
		A026D48A213DBDB200956E26 /* Products */ = {
			isa = PBXGroup;
			children = (
				A026D489213DBDB200956E26 /* voiceChatApp.app */,
				A026D49D213DBDB200956E26 /* voiceChatAppTests.xctest */,
				A026D4A8213DBDB200956E26 /* voiceChatAppUITests.xctest */,
			);
			name = Products;
			sourceTree = "<group>";
		};
		A026D48B213DBDB200956E26 /* voiceChatApp */ = {
			isa = PBXGroup;
			children = (
				A070E79C2141CA5B00ED9C69 /* extensions */,
				A070E79421413A6600ED9C69 /* style */,
				A070E78A2141380C00ED9C69 /* login */,
				A026D4BB213DC2EA00956E26 /* home */,
				A026D48C213DBDB200956E26 /* AppDelegate.swift */,
				A026D493213DBDB200956E26 /* Assets.xcassets */,
				A026D495213DBDB200956E26 /* LaunchScreen.storyboard */,
				A026D498213DBDB200956E26 /* Info.plist */,
			);
			path = voiceChatApp;
			sourceTree = "<group>";
		};
		A026D4A0213DBDB200956E26 /* voiceChatAppTests */ = {
			isa = PBXGroup;
			children = (
				A070E7A6214592F400ED9C69 /* extensions */,
				A070E78F214139B400ED9C69 /* login */,
				A026D4BE213DCCA800956E26 /* home */,
				A026D4A3213DBDB200956E26 /* Info.plist */,
			);
			path = voiceChatAppTests;
			sourceTree = "<group>";
		};
		A026D4AB213DBDB200956E26 /* voiceChatAppUITests */ = {
			isa = PBXGroup;
			children = (
				A026D4AC213DBDB200956E26 /* voiceChatAppUITests.swift */,
				A026D4AE213DBDB200956E26 /* Info.plist */,
			);
			path = voiceChatAppUITests;
			sourceTree = "<group>";
		};
		A026D4BB213DC2EA00956E26 /* home */ = {
			isa = PBXGroup;
			children = (
				A026D48E213DBDB200956E26 /* homeViewController.swift */,
				A026D4BC213DC32900956E26 /* homeView.swift */,
			);
			path = home;
			sourceTree = "<group>";
		};
		A026D4BE213DCCA800956E26 /* home */ = {
			isa = PBXGroup;
			children = (
				A070E7AB21467BD500ED9C69 /* views */,
				A070E7A921467B9600ED9C69 /* homeViewControllerTests.swift */,
			);
			path = home;
			sourceTree = "<group>";
		};
		A070E78A2141380C00ED9C69 /* login */ = {
			isa = PBXGroup;
			children = (
				A070E79B2141AA0600ED9C69 /* views */,
				A070E78B2141382A00ED9C69 /* loginViewController.swift */,
				A070E79F21454D5600ED9C69 /* loginRouter.swift */,
			);
			path = login;
			sourceTree = "<group>";
		};
		A070E78F214139B400ED9C69 /* login */ = {
			isa = PBXGroup;
			children = (
				A070E7A12145520200ED9C69 /* views */,
				A070E7952141795600ED9C69 /* loginViewControllerTests.swift */,
				A070E7A22145522300ED9C69 /* loginRouterTests.swift */,
			);
			path = login;
			sourceTree = "<group>";
		};
		A070E79421413A6600ED9C69 /* style */ = {
			isa = PBXGroup;
			children = (
				A070E79221413A5700ED9C69 /* style.swift */,
			);
			path = style;
			sourceTree = "<group>";
		};
		A070E79B2141AA0600ED9C69 /* views */ = {
			isa = PBXGroup;
			children = (
				A070E78D2141399F00ED9C69 /* loginView.swift */,
				A070E79721418E0000ED9C69 /* signupView.swift */,
			);
			path = views;
			sourceTree = "<group>";
		};
		A070E79C2141CA5B00ED9C69 /* extensions */ = {
			isa = PBXGroup;
			children = (
				A070E79D2141CA7500ED9C69 /* UITextField.swift */,
				A070E7A42145848D00ED9C69 /* UIButton.swift */,
			);
			path = extensions;
			sourceTree = "<group>";
		};
		A070E7A12145520200ED9C69 /* views */ = {
			isa = PBXGroup;
			children = (
				A070E790214139CA00ED9C69 /* loginViewTests.swift */,
				A070E799214197A700ED9C69 /* signupViewTests.swift */,
			);
			path = views;
			sourceTree = "<group>";
		};
		A070E7A6214592F400ED9C69 /* extensions */ = {
			isa = PBXGroup;
			children = (
				A070E7A7214593D500ED9C69 /* UIButtonTests.swift */,
			);
			path = extensions;
			sourceTree = "<group>";
		};
		A070E7AB21467BD500ED9C69 /* views */ = {
			isa = PBXGroup;
			children = (
				A026D4BF213DCCD200956E26 /* homeViewTests.swift */,
			);
			path = views;
			sourceTree = "<group>";
		};
/* End PBXGroup section */

/* Begin PBXNativeTarget section */
		A026D488213DBDB200956E26 /* voiceChatApp */ = {
			isa = PBXNativeTarget;
			buildConfigurationList = A026D4B1213DBDB200956E26 /* Build configuration list for PBXNativeTarget "voiceChatApp" */;
			buildPhases = (
				A026D485213DBDB200956E26 /* Sources */,
				A026D486213DBDB200956E26 /* Frameworks */,
				A026D487213DBDB200956E26 /* Resources */,
			);
			buildRules = (
			);
			dependencies = (
			);
			name = voiceChatApp;
			productName = voiceChatApp;
			productReference = A026D489213DBDB200956E26 /* voiceChatApp.app */;
			productType = "com.apple.product-type.application";
		};
		A026D49C213DBDB200956E26 /* voiceChatAppTests */ = {
			isa = PBXNativeTarget;
			buildConfigurationList = A026D4B4213DBDB200956E26 /* Build configuration list for PBXNativeTarget "voiceChatAppTests" */;
			buildPhases = (
				A026D499213DBDB200956E26 /* Sources */,
				A026D49A213DBDB200956E26 /* Frameworks */,
				A026D49B213DBDB200956E26 /* Resources */,
			);
			buildRules = (
			);
			dependencies = (
				A026D49F213DBDB200956E26 /* PBXTargetDependency */,
			);
			name = voiceChatAppTests;
			productName = voiceChatAppTests;
			productReference = A026D49D213DBDB200956E26 /* voiceChatAppTests.xctest */;
			productType = "com.apple.product-type.bundle.unit-test";
		};
		A026D4A7213DBDB200956E26 /* voiceChatAppUITests */ = {
			isa = PBXNativeTarget;
			buildConfigurationList = A026D4B7213DBDB200956E26 /* Build configuration list for PBXNativeTarget "voiceChatAppUITests" */;
			buildPhases = (
				A026D4A4213DBDB200956E26 /* Sources */,
				A026D4A5213DBDB200956E26 /* Frameworks */,
				A026D4A6213DBDB200956E26 /* Resources */,
			);
			buildRules = (
			);
			dependencies = (
				A026D4AA213DBDB200956E26 /* PBXTargetDependency */,
			);
			name = voiceChatAppUITests;
			productName = voiceChatAppUITests;
			productReference = A026D4A8213DBDB200956E26 /* voiceChatAppUITests.xctest */;
			productType = "com.apple.product-type.bundle.ui-testing";
		};
/* End PBXNativeTarget section */

/* Begin PBXProject section */
		A026D481213DBDB200956E26 /* Project object */ = {
			isa = PBXProject;
			attributes = {
				LastSwiftUpdateCheck = 0920;
				LastUpgradeCheck = 0920;
				ORGANIZATIONNAME = "Timothy Hawkins";
				TargetAttributes = {
					A026D488213DBDB200956E26 = {
						CreatedOnToolsVersion = 9.2;
						ProvisioningStyle = Automatic;
					};
					A026D49C213DBDB200956E26 = {
						CreatedOnToolsVersion = 9.2;
						ProvisioningStyle = Automatic;
						TestTargetID = A026D488213DBDB200956E26;
					};
					A026D4A7213DBDB200956E26 = {
						CreatedOnToolsVersion = 9.2;
						ProvisioningStyle = Automatic;
						TestTargetID = A026D488213DBDB200956E26;
					};
				};
			};
			buildConfigurationList = A026D484213DBDB200956E26 /* Build configuration list for PBXProject "voiceChatApp" */;
			compatibilityVersion = "Xcode 8.0";
			developmentRegion = en;
			hasScannedForEncodings = 0;
			knownRegions = (
				en,
				Base,
			);
			mainGroup = A026D480213DBDB200956E26;
			productRefGroup = A026D48A213DBDB200956E26 /* Products */;
			projectDirPath = "";
			projectRoot = "";
			targets = (
				A026D488213DBDB200956E26 /* voiceChatApp */,
				A026D49C213DBDB200956E26 /* voiceChatAppTests */,
				A026D4A7213DBDB200956E26 /* voiceChatAppUITests */,
			);
		};
/* End PBXProject section */

/* Begin PBXResourcesBuildPhase section */
		A026D487213DBDB200956E26 /* Resources */ = {
			isa = PBXResourcesBuildPhase;
			buildActionMask = 2147483647;
			files = (
				A026D497213DBDB200956E26 /* LaunchScreen.storyboard in Resources */,
				A026D494213DBDB200956E26 /* Assets.xcassets in Resources */,
			);
			runOnlyForDeploymentPostprocessing = 0;
		};
		A026D49B213DBDB200956E26 /* Resources */ = {
			isa = PBXResourcesBuildPhase;
			buildActionMask = 2147483647;
			files = (
			);
			runOnlyForDeploymentPostprocessing = 0;
		};
		A026D4A6213DBDB200956E26 /* Resources */ = {
			isa = PBXResourcesBuildPhase;
			buildActionMask = 2147483647;
			files = (
			);
			runOnlyForDeploymentPostprocessing = 0;
		};
/* End PBXResourcesBuildPhase section */

/* Begin PBXSourcesBuildPhase section */
		A026D485213DBDB200956E26 /* Sources */ = {
			isa = PBXSourcesBuildPhase;
			buildActionMask = 2147483647;
			files = (
				A070E78C2141382A00ED9C69 /* loginViewController.swift in Sources */,
				A026D48F213DBDB200956E26 /* homeViewController.swift in Sources */,
				A070E78E2141399F00ED9C69 /* loginView.swift in Sources */,
				A070E7A021454D5600ED9C69 /* loginRouter.swift in Sources */,
				A070E79321413A5700ED9C69 /* style.swift in Sources */,
				A070E7A52145848D00ED9C69 /* UIButton.swift in Sources */,
				A026D48D213DBDB200956E26 /* AppDelegate.swift in Sources */,
				A026D4BD213DC32900956E26 /* homeView.swift in Sources */,
				A070E79E2141CA7500ED9C69 /* UITextField.swift in Sources */,
				A070E79821418E0000ED9C69 /* signupView.swift in Sources */,
			);
			runOnlyForDeploymentPostprocessing = 0;
		};
		A026D499213DBDB200956E26 /* Sources */ = {
			isa = PBXSourcesBuildPhase;
			buildActionMask = 2147483647;
			files = (
				A070E79A214197A700ED9C69 /* signupViewTests.swift in Sources */,
				A070E7A8214593D500ED9C69 /* UIButtonTests.swift in Sources */,
				A070E7A32145522300ED9C69 /* loginRouterTests.swift in Sources */,
				A070E791214139CA00ED9C69 /* loginViewTests.swift in Sources */,
				A026D4C0213DCCD200956E26 /* homeViewTests.swift in Sources */,
				A070E7AA21467B9600ED9C69 /* homeViewControllerTests.swift in Sources */,
				A070E7962141795600ED9C69 /* loginViewControllerTests.swift in Sources */,
			);
			runOnlyForDeploymentPostprocessing = 0;
		};
		A026D4A4213DBDB200956E26 /* Sources */ = {
			isa = PBXSourcesBuildPhase;
			buildActionMask = 2147483647;
			files = (
				A026D4AD213DBDB200956E26 /* voiceChatAppUITests.swift in Sources */,
			);
			runOnlyForDeploymentPostprocessing = 0;
		};
/* End PBXSourcesBuildPhase section */

/* Begin PBXTargetDependency section */
		A026D49F213DBDB200956E26 /* PBXTargetDependency */ = {
			isa = PBXTargetDependency;
			target = A026D488213DBDB200956E26 /* voiceChatApp */;
			targetProxy = A026D49E213DBDB200956E26 /* PBXContainerItemProxy */;
		};
		A026D4AA213DBDB200956E26 /* PBXTargetDependency */ = {
			isa = PBXTargetDependency;
			target = A026D488213DBDB200956E26 /* voiceChatApp */;
			targetProxy = A026D4A9213DBDB200956E26 /* PBXContainerItemProxy */;
		};
/* End PBXTargetDependency section */

/* Begin PBXVariantGroup section */
		A026D495213DBDB200956E26 /* LaunchScreen.storyboard */ = {
			isa = PBXVariantGroup;
			children = (
				A026D496213DBDB200956E26 /* Base */,
			);
			name = LaunchScreen.storyboard;
			sourceTree = "<group>";
		};
/* End PBXVariantGroup section */

/* Begin XCBuildConfiguration section */
		A026D4AF213DBDB200956E26 /* Debug */ = {
			isa = XCBuildConfiguration;
			buildSettings = {
				ALWAYS_SEARCH_USER_PATHS = NO;
				CLANG_ANALYZER_NONNULL = YES;
				CLANG_ANALYZER_NUMBER_OBJECT_CONVERSION = YES_AGGRESSIVE;
				CLANG_CXX_LANGUAGE_STANDARD = "gnu++14";
				CLANG_CXX_LIBRARY = "libc++";
				CLANG_ENABLE_MODULES = YES;
				CLANG_ENABLE_OBJC_ARC = YES;
				CLANG_WARN_BLOCK_CAPTURE_AUTORELEASING = YES;
				CLANG_WARN_BOOL_CONVERSION = YES;
				CLANG_WARN_COMMA = YES;
				CLANG_WARN_CONSTANT_CONVERSION = YES;
				CLANG_WARN_DIRECT_OBJC_ISA_USAGE = YES_ERROR;
				CLANG_WARN_DOCUMENTATION_COMMENTS = YES;
				CLANG_WARN_EMPTY_BODY = YES;
				CLANG_WARN_ENUM_CONVERSION = YES;
				CLANG_WARN_INFINITE_RECURSION = YES;
				CLANG_WARN_INT_CONVERSION = YES;
				CLANG_WARN_NON_LITERAL_NULL_CONVERSION = YES;
				CLANG_WARN_OBJC_LITERAL_CONVERSION = YES;
				CLANG_WARN_OBJC_ROOT_CLASS = YES_ERROR;
				CLANG_WARN_RANGE_LOOP_ANALYSIS = YES;
				CLANG_WARN_STRICT_PROTOTYPES = YES;
				CLANG_WARN_SUSPICIOUS_MOVE = YES;
				CLANG_WARN_UNGUARDED_AVAILABILITY = YES_AGGRESSIVE;
				CLANG_WARN_UNREACHABLE_CODE = YES;
				CLANG_WARN__DUPLICATE_METHOD_MATCH = YES;
				CODE_SIGN_IDENTITY = "iPhone Developer";
				COPY_PHASE_STRIP = NO;
				DEBUG_INFORMATION_FORMAT = dwarf;
				ENABLE_STRICT_OBJC_MSGSEND = YES;
				ENABLE_TESTABILITY = YES;
				GCC_C_LANGUAGE_STANDARD = gnu11;
				GCC_DYNAMIC_NO_PIC = NO;
				GCC_NO_COMMON_BLOCKS = YES;
				GCC_OPTIMIZATION_LEVEL = 0;
				GCC_PREPROCESSOR_DEFINITIONS = (
					"DEBUG=1",
					"$(inherited)",
				);
				GCC_WARN_64_TO_32_BIT_CONVERSION = YES;
				GCC_WARN_ABOUT_RETURN_TYPE = YES_ERROR;
				GCC_WARN_UNDECLARED_SELECTOR = YES;
				GCC_WARN_UNINITIALIZED_AUTOS = YES_AGGRESSIVE;
				GCC_WARN_UNUSED_FUNCTION = YES;
				GCC_WARN_UNUSED_VARIABLE = YES;
				IPHONEOS_DEPLOYMENT_TARGET = 11.2;
				MTL_ENABLE_DEBUG_INFO = YES;
				ONLY_ACTIVE_ARCH = YES;
				SDKROOT = iphoneos;
				SWIFT_ACTIVE_COMPILATION_CONDITIONS = DEBUG;
				SWIFT_OPTIMIZATION_LEVEL = "-Onone";
			};
			name = Debug;
		};
		A026D4B0213DBDB200956E26 /* Release */ = {
			isa = XCBuildConfiguration;
			buildSettings = {
				ALWAYS_SEARCH_USER_PATHS = NO;
				CLANG_ANALYZER_NONNULL = YES;
				CLANG_ANALYZER_NUMBER_OBJECT_CONVERSION = YES_AGGRESSIVE;
				CLANG_CXX_LANGUAGE_STANDARD = "gnu++14";
				CLANG_CXX_LIBRARY = "libc++";
				CLANG_ENABLE_MODULES = YES;
				CLANG_ENABLE_OBJC_ARC = YES;
				CLANG_WARN_BLOCK_CAPTURE_AUTORELEASING = YES;
				CLANG_WARN_BOOL_CONVERSION = YES;
				CLANG_WARN_COMMA = YES;
				CLANG_WARN_CONSTANT_CONVERSION = YES;
				CLANG_WARN_DIRECT_OBJC_ISA_USAGE = YES_ERROR;
				CLANG_WARN_DOCUMENTATION_COMMENTS = YES;
				CLANG_WARN_EMPTY_BODY = YES;
				CLANG_WARN_ENUM_CONVERSION = YES;
				CLANG_WARN_INFINITE_RECURSION = YES;
				CLANG_WARN_INT_CONVERSION = YES;
				CLANG_WARN_NON_LITERAL_NULL_CONVERSION = YES;
				CLANG_WARN_OBJC_LITERAL_CONVERSION = YES;
				CLANG_WARN_OBJC_ROOT_CLASS = YES_ERROR;
				CLANG_WARN_RANGE_LOOP_ANALYSIS = YES;
				CLANG_WARN_STRICT_PROTOTYPES = YES;
				CLANG_WARN_SUSPICIOUS_MOVE = YES;
				CLANG_WARN_UNGUARDED_AVAILABILITY = YES_AGGRESSIVE;
				CLANG_WARN_UNREACHABLE_CODE = YES;
				CLANG_WARN__DUPLICATE_METHOD_MATCH = YES;
				CODE_SIGN_IDENTITY = "iPhone Developer";
				COPY_PHASE_STRIP = NO;
				DEBUG_INFORMATION_FORMAT = "dwarf-with-dsym";
				ENABLE_NS_ASSERTIONS = NO;
				ENABLE_STRICT_OBJC_MSGSEND = YES;
				GCC_C_LANGUAGE_STANDARD = gnu11;
				GCC_NO_COMMON_BLOCKS = YES;
				GCC_WARN_64_TO_32_BIT_CONVERSION = YES;
				GCC_WARN_ABOUT_RETURN_TYPE = YES_ERROR;
				GCC_WARN_UNDECLARED_SELECTOR = YES;
				GCC_WARN_UNINITIALIZED_AUTOS = YES_AGGRESSIVE;
				GCC_WARN_UNUSED_FUNCTION = YES;
				GCC_WARN_UNUSED_VARIABLE = YES;
				IPHONEOS_DEPLOYMENT_TARGET = 11.2;
				MTL_ENABLE_DEBUG_INFO = NO;
				SDKROOT = iphoneos;
				SWIFT_OPTIMIZATION_LEVEL = "-Owholemodule";
				VALIDATE_PRODUCT = YES;
			};
			name = Release;
		};
		A026D4B2213DBDB200956E26 /* Debug */ = {
			isa = XCBuildConfiguration;
			buildSettings = {
				ASSETCATALOG_COMPILER_APPICON_NAME = AppIcon;
				CODE_SIGN_STYLE = Automatic;
				INFOPLIST_FILE = voiceChatApp/Info.plist;
				LD_RUNPATH_SEARCH_PATHS = "$(inherited) @executable_path/Frameworks";
				PRODUCT_BUNDLE_IDENTIFIER = com.timothyhawkins.voiceChatApp;
				PRODUCT_NAME = "$(TARGET_NAME)";
				SWIFT_VERSION = 4.0;
				TARGETED_DEVICE_FAMILY = "1,2";
			};
			name = Debug;
		};
		A026D4B3213DBDB200956E26 /* Release */ = {
			isa = XCBuildConfiguration;
			buildSettings = {
				ASSETCATALOG_COMPILER_APPICON_NAME = AppIcon;
				CODE_SIGN_STYLE = Automatic;
				INFOPLIST_FILE = voiceChatApp/Info.plist;
				LD_RUNPATH_SEARCH_PATHS = "$(inherited) @executable_path/Frameworks";
				PRODUCT_BUNDLE_IDENTIFIER = com.timothyhawkins.voiceChatApp;
				PRODUCT_NAME = "$(TARGET_NAME)";
				SWIFT_VERSION = 4.0;
				TARGETED_DEVICE_FAMILY = "1,2";
			};
			name = Release;
		};
		A026D4B5213DBDB200956E26 /* Debug */ = {
			isa = XCBuildConfiguration;
			buildSettings = {
				ALWAYS_EMBED_SWIFT_STANDARD_LIBRARIES = YES;
				BUNDLE_LOADER = "$(TEST_HOST)";
				CODE_SIGN_STYLE = Automatic;
				INFOPLIST_FILE = voiceChatAppTests/Info.plist;
				LD_RUNPATH_SEARCH_PATHS = "$(inherited) @executable_path/Frameworks @loader_path/Frameworks";
				PRODUCT_BUNDLE_IDENTIFIER = com.timothyhawkins.voiceChatAppTests;
				PRODUCT_NAME = "$(TARGET_NAME)";
				SWIFT_VERSION = 4.0;
				TARGETED_DEVICE_FAMILY = "1,2";
				TEST_HOST = "$(BUILT_PRODUCTS_DIR)/voiceChatApp.app/voiceChatApp";
			};
			name = Debug;
		};
		A026D4B6213DBDB200956E26 /* Release */ = {
			isa = XCBuildConfiguration;
			buildSettings = {
				ALWAYS_EMBED_SWIFT_STANDARD_LIBRARIES = YES;
				BUNDLE_LOADER = "$(TEST_HOST)";
				CODE_SIGN_STYLE = Automatic;
				INFOPLIST_FILE = voiceChatAppTests/Info.plist;
				LD_RUNPATH_SEARCH_PATHS = "$(inherited) @executable_path/Frameworks @loader_path/Frameworks";
				PRODUCT_BUNDLE_IDENTIFIER = com.timothyhawkins.voiceChatAppTests;
				PRODUCT_NAME = "$(TARGET_NAME)";
				SWIFT_VERSION = 4.0;
				TARGETED_DEVICE_FAMILY = "1,2";
				TEST_HOST = "$(BUILT_PRODUCTS_DIR)/voiceChatApp.app/voiceChatApp";
			};
			name = Release;
		};
		A026D4B8213DBDB200956E26 /* Debug */ = {
			isa = XCBuildConfiguration;
			buildSettings = {
				ALWAYS_EMBED_SWIFT_STANDARD_LIBRARIES = YES;
				CODE_SIGN_STYLE = Automatic;
				INFOPLIST_FILE = voiceChatAppUITests/Info.plist;
				LD_RUNPATH_SEARCH_PATHS = "$(inherited) @executable_path/Frameworks @loader_path/Frameworks";
				PRODUCT_BUNDLE_IDENTIFIER = com.timothyhawkins.voiceChatAppUITests;
				PRODUCT_NAME = "$(TARGET_NAME)";
				SWIFT_VERSION = 4.0;
				TARGETED_DEVICE_FAMILY = "1,2";
				TEST_TARGET_NAME = voiceChatApp;
			};
			name = Debug;
		};
		A026D4B9213DBDB200956E26 /* Release */ = {
			isa = XCBuildConfiguration;
			buildSettings = {
				ALWAYS_EMBED_SWIFT_STANDARD_LIBRARIES = YES;
				CODE_SIGN_STYLE = Automatic;
				INFOPLIST_FILE = voiceChatAppUITests/Info.plist;
				LD_RUNPATH_SEARCH_PATHS = "$(inherited) @executable_path/Frameworks @loader_path/Frameworks";
				PRODUCT_BUNDLE_IDENTIFIER = com.timothyhawkins.voiceChatAppUITests;
				PRODUCT_NAME = "$(TARGET_NAME)";
				SWIFT_VERSION = 4.0;
				TARGETED_DEVICE_FAMILY = "1,2";
				TEST_TARGET_NAME = voiceChatApp;
			};
			name = Release;
		};
/* End XCBuildConfiguration section */

/* Begin XCConfigurationList section */
		A026D484213DBDB200956E26 /* Build configuration list for PBXProject "voiceChatApp" */ = {
			isa = XCConfigurationList;
			buildConfigurations = (
				A026D4AF213DBDB200956E26 /* Debug */,
				A026D4B0213DBDB200956E26 /* Release */,
			);
			defaultConfigurationIsVisible = 0;
			defaultConfigurationName = Release;
		};
		A026D4B1213DBDB200956E26 /* Build configuration list for PBXNativeTarget "voiceChatApp" */ = {
			isa = XCConfigurationList;
			buildConfigurations = (
				A026D4B2213DBDB200956E26 /* Debug */,
				A026D4B3213DBDB200956E26 /* Release */,
			);
			defaultConfigurationIsVisible = 0;
			defaultConfigurationName = Release;
		};
		A026D4B4213DBDB200956E26 /* Build configuration list for PBXNativeTarget "voiceChatAppTests" */ = {
			isa = XCConfigurationList;
			buildConfigurations = (
				A026D4B5213DBDB200956E26 /* Debug */,
				A026D4B6213DBDB200956E26 /* Release */,
			);
			defaultConfigurationIsVisible = 0;
			defaultConfigurationName = Release;
		};
		A026D4B7213DBDB200956E26 /* Build configuration list for PBXNativeTarget "voiceChatAppUITests" */ = {
			isa = XCConfigurationList;
			buildConfigurations = (
				A026D4B8213DBDB200956E26 /* Debug */,
				A026D4B9213DBDB200956E26 /* Release */,
			);
			defaultConfigurationIsVisible = 0;
			defaultConfigurationName = Release;
		};
/* End XCConfigurationList section */
	};
	rootObject = A026D481213DBDB200956E26 /* Project object */;
}
